{
  "nodes": {
    "darwin": {
      "inputs": {
        "nixpkgs": [
          "nixpkgs"
        ]
      },
      "locked": {
        "lastModified": 1740636552,
        "narHash": "sha256-vBtVB8uU4Bxbyz43MhldAGX91i15j4LJI1Ss3mCCO7s=",
        "owner": "lnl7",
        "repo": "nix-darwin",
        "rev": "665cc04a60eb8ba47d41eadbe6264ca8a71943e8",
        "type": "github"
      },
      "original": {
        "owner": "lnl7",
        "repo": "nix-darwin",
        "type": "github"
      }
    },
    "fleek": {
      "inputs": {
        "nixpkgs": "nixpkgs"
      },
      "locked": {
        "lastModified": 1696342919,
        "narHash": "sha256-dQYj2yDvZhiJEKegdsbGXUYPs7CYy+Gjj/wcEZrJMsE=",
        "rev": "6c181c0e2625239952beb10dda200f6be6c1c3b0",
        "revCount": 454,
        "type": "tarball",
        "url": "https://api.flakehub.com/f/pinned/ublue-os/fleek/0.10.5/018af5eb-c742-7771-85c8-579b5ab1232b/source.tar.gz?rev=6c181c0e2625239952beb10dda200f6be6c1c3b0&revCount=454"
      },
      "original": {
        "type": "tarball",
        "url": "https://flakehub.com/f/ublue-os/fleek/%2A.tar.gz"
      }
    },
    "home-manager": {
      "inputs": {
        "nixpkgs": [
          "nixpkgs"
        ]
      },
      "locked": {
        "lastModified": 1740624780,
        "narHash": "sha256-8TP61AI3QBQsjzVUQFIV8NoB5nbYfJB3iHczhBikDkU=",
        "type": "tarball",
        "url": "https://github.com/nix-community/home-manager/archive/master.tar.gz"
      },
      "original": {
        "type": "tarball",
        "url": "https://github.com/nix-community/home-manager/archive/master.tar.gz"
      }
    },
    "nixpkgs": {
      "locked": {
        "lastModified": 1695644571,
        "narHash": "sha256-asS9dCCdlt1lPq0DLwkVBbVoEKuEuz+Zi3DG7pR/RxA=",
        "owner": "NixOS",
        "repo": "nixpkgs",
        "rev": "6500b4580c2a1f3d0f980d32d285739d8e156d92",
        "type": "github"
      },
      "original": {
        "owner": "NixOS",
        "ref": "master",
        "repo": "nixpkgs",
        "type": "github"
      }
    },
    "nixpkgs_2": {
      "locked": {
        "lastModified": 1740560979,
        "narHash": "sha256-Vr3Qi346M+8CjedtbyUevIGDZW8LcA1fTG0ugPY/Hic=",
        "rev": "5135c59491985879812717f4c9fea69604e7f26f",
        "revCount": 759373,
        "type": "tarball",
        "url": "https://api.flakehub.com/f/pinned/NixOS/nixpkgs/0.1.759373%2Brev-5135c59491985879812717f4c9fea69604e7f26f/01954717-66bd-7790-a1bd-a3f4d391b390/source.tar.gz?rev=5135c59491985879812717f4c9fea69604e7f26f&revCount=759373"
      },
      "original": {
        "type": "tarball",
        "url": "https://flakehub.com/f/NixOS/nixpkgs/0.1.0.tar.gz"
      }
    },
    "root": {
      "inputs": {
        "darwin": "darwin",
        "fleek": "fleek",
        "home-manager": "home-manager",
        "nixpkgs": "nixpkgs_2"
      }
    }
  },
  "root": "root",
  "version": 7
}
